
Microsoft Visual Studio Solution File, Format Version 12.00
# Visual Studio Version 17
VisualStudioVersion = 17.13.35919.96 d17.13
MinimumVisualStudioVersion = 10.0.40219.1
Project("{FAE04EC0-301F-11D3-BF4B-00C04F79EFBC}") = "ec", "ec\ec.csproj", "{90224EA3-1573-4FF3-A789-4BC8739F16B8}"
EndProject
Global
	GlobalSection(SolutionConfigurationPlatforms) = preSolution
		Debug|Any CPU = Debug|Any CPU
		Release|Any CPU = Release|Any CPU
	EndGlobalSection
	GlobalSection(ProjectConfigurationPlatforms) = postSolution
		{90224EA3-1573-4FF3-A789-4BC8739F16B8}.Debug|Any CPU.ActiveCfg = Debug|Any CPU
		{90224EA3-1573-4FF3-A789-4BC8739F16B8}.Debug|Any CPU.Build.0 = Debug|Any CPU
		{90224EA3-1573-4FF3-A789-4BC8739F16B8}.Release|Any CPU.ActiveCfg = Release|Any CPU
		{90224EA3-1573-4FF3-A789-4BC8739F16B8}.Release|Any CPU.Build.0 = Release|Any CPU
	EndGlobalSection
	GlobalSection(SolutionProperties) = preSolution
		HideSolutionNode = FALSE
	EndGlobalSection
	GlobalSection(ExtensibilityGlobals) = postSolution
		SolutionGuid = {EC757523-A1C0-49C0-8E3E-68EF4BAA2D96}
	EndGlobalSection
EndGlobal
